<Solution>
  <Project Path="LunaWolfStudiosEditor.ScriptableSheets.Shared.csproj" />
  <Project Path="Unity.Localization.csproj" />
  <Project Path="AF.csproj" />
  <Project Path="Tests_EditMode.csproj" />
  <Project Path="Unity.Localization.Editor.csproj" />
  <Project Path="com.rlabrecque.steamworks.net.csproj" />
  <Project Path="Assembly-CSharp.csproj" />
  <Project Path="LunaWolfStudiosEditor.ScriptableSheets.Tables.csproj" />
  <Project Path="AttributesSamples.csproj" />
  <Project Path="AYellowpaper.SerializedCollections.csproj" />
  <Project Path="YamlDotNet.csproj" />
  <Project Path="LunaWolfStudiosEditor.ScriptableSheets.csproj" />
  <Project Path="Unity.ResourceManager.csproj" />
  <Project Path="LunaWolfStudiosEditor.ScriptableSheets.EditorTests.csproj" />
  <Project Path="EditorAttributes.csproj" />
  <Project Path="Den.Tools.csproj" />
  <Project Path="EditorAttributes.Editor.csproj" />
  <Project Path="YamlDotNet.Examples.csproj" />
  <Project Path="Unity.InternalAPIEngineBridge.013.csproj" />
  <Project Path="Ink-Libraries.csproj" />
  <Project Path="MapMagic.csproj" />
  <Project Path="Project.External.csproj" />
  <Project Path="Den.Tools.Editor.csproj" />
  <Project Path="AYellowpaper.SerializeInterfaces.Editor.csproj" />
  <Project Path="Unity.Localization.DocCodeSamples.csproj" />
  <Project Path="LunaWolfStudiosEditor.ScriptableSheets.Popups.csproj" />
  <Project Path="HeurekaGames.AssetHunterPRO.Editor.csproj" />
  <Project Path="HeurekaGames.Utils.csproj" />
  <Project Path="InkEditor.csproj" />
  <Project Path="Unity.InternalAPIEditorBridge.013.csproj" />
  <Project Path="LunaWolfStudiosEditor.ScriptableSheets.Layout.csproj" />
  <Project Path="MapMagic.Editor.csproj" />
  <Project Path="Demigiant.csproj" />
  <Project Path="JBooth.MicroSplat.Core.Editor.csproj" />
  <Project Path="Assembly-CSharp-Editor.csproj" />
  <Project Path="LunaWolfStudiosEditor.ScriptableSheets.PastePad.csproj" />
  <Project Path="Assembly-CSharp-firstpass.csproj" />
  <Project Path="AYellowpaper.SerializedCollections.Editor.csproj" />
  <Project Path="EventManager.csproj" />
  <Project Path="Unity.PlayerPrefsEditor.Editor.csproj" />
  <Project Path="LunaWolfStudiosEditor.ScriptableSheets.Comparables.csproj" />
  <Project Path="QuickSave.csproj" />
  <Project Path="NonConvexColliderRuntimeAPI.csproj" />
  <Project Path="LunaWolfStudiosEditor.ScriptableSheets.Serializables.csproj" />
  <Project Path="AmazingAssets.LowpolyShader.Editor.csproj" />
  <Project Path="UnityPlayModeSaverEditor.csproj" />
  <Project Path="Unity.Localization.Samples.PersistentVariables.csproj" />
  <Project Path="MapMagic.MicroSplat.csproj" />
  <Project Path="UnityPlayModeSaver.csproj" />
  <Project Path="AYellowpaper.SerializeInterfaces.csproj" />
  <Project Path="Unity.PlayerPrefsEditor.EditorResources.csproj" />
  <Project Path="LunaWolfStudiosEditor.ScriptableSheets.Importers.csproj" />
  <Project Path="LunaWolfStudiosEditor.ScriptableSheets.Scanning.csproj" />
  <Project Path="Heureka.Upgrade.csproj" />
  <Project Path="RuntimeTestAssembly.csproj" />
  <Project Path="Unity.PlayerPrefsEditor.Samples.SampleScene.csproj" />
  <Project Path="JBooth.MicroSplat.Core.csproj" />
  <Project Path="com.rlabrecque.steamworks.net.editor.csproj" />
  <Project Path="Assembly-CSharp-Editor-firstpass.csproj" />
  <Project Path="MapMagic.Settings.csproj" />
  <Project Path="MapMagic.MicroSplat.Editor.csproj" />
  <Project Path="NonConvexEditor.csproj" />
  <Project Path="NonConvexCollider.csproj" />
</Solution>
